{
  "name": "test_install",
  "version": "1.0.0",
  "lockfileVersion": 3,
  "requires": true,
  "packages": {
    "": {
      "name": "test_install",
      "version": "1.0.0",
      "license": "ISC",
      "dependencies": {
        "h3-v2": "npm:h3@^2.0.1-rc.29"
      }
    },
    "node_modules/h3-v2": {
      "name": "h3",
      "version": "2.0.1-rc.29",
      "resolved": "https://registry.npmjs.org/h3/-/h3-2.0.1-rc.29.tgz",
      "integrity": "sha512-woEUYLvpUa9SzbBGOYn3GfsK/EU7JhoUeNc49B2an6mcO1aqg7P8VvWVUfa5Vkb8FxBh9ZAkU+/rJ5m5pTULUA==",
      "license": "MIT",
      "dependencies": {
        "rou3": "^0.9.2",
        "srvx": "^0.12.7"
      },
      "bin": {
        "h3": "bin/h3.mjs"
      },
      "engines": {
        "node": ">=20.11.1"
      },
      "peerDependencies": {
        "crossws": "^0.4.12",
        "ocache": ">=0.3.0"
      },
      "peerDependenciesMeta": {
        "crossws": {
          "optional": true
        },
        "ocache": {
          "optional": true
        }
      }
    },
    "node_modules/rou3": {
      "version": "0.9.2",
      "resolved": "https://registry.npmjs.org/rou3/-/rou3-0.9.2.tgz",
      "integrity": "sha512-3SOzvaAg8rkHrXtRjpCvCvbyO5to9oOO27Z/XqHEYXfMRVSw/qMIVdmaOk9W2lcRLtR6dlqTjo9hDeJk70QBYQ==",
      "license": "MIT"
    },
    "node_modules/srvx": {
      "version": "0.12.7",
      "resolved": "https://registry.npmjs.org/srvx/-/srvx-0.12.7.tgz",
      "integrity": "sha512-PIaq1pDGg3EU2OGSN3pzRfYVu9MJDzLdojlGN6E3lvhAdxqn/lNMJFMA1xGA38jYkBb0V9xw02QEVVMDb0PExA==",
      "license": "MIT",
      "bin": {
        "srvx": "bin/srvx.mjs"
      },
      "engines": {
        "node": ">=20.16.0"
      }
    }
  }
}
